{
    "_readme": [
        "This file locks the dependencies of your project to a known state",
        "Read more about it at https://getcomposer.org/doc/01-basic-usage.md#installing-dependencies",
        "This file is @generated automatically"
    ],
    "content-hash": "c5767ecd02f2b066d3b55eefdbbd7d59",
    "packages": [
        {
            "name": "alanef/plugindonation_lib",
            "version": "dev-master",
            "source": {
                "type": "git",
                "url": "https://github.com/alanef/plugindonation_lib.git",
                "reference": "a265d21d2f486661eb5e852309a76e100317f1c5"
            },
            "dist": {
                "type": "zip",
                "url": "https://api.github.com/repos/alanef/plugindonation_lib/zipball/a265d21d2f486661eb5e852309a76e100317f1c5",
                "reference": "a265d21d2f486661eb5e852309a76e100317f1c5",
                "shasum": ""
            },
            "default-branch": true,
            "type": "library",
            "autoload": {
                "psr-4": {
                    "AlanEFPluginDonation\\": "/"
                }
            },
            "license": [
                "GPL-2.0-or-later"
            ],
            "authors": [
                {
                    "name": "alan",
                    "email": "alan@fullworks.net"
                }
            ],
            "description": "Module for adding donation support to free plugins",
            "support": {
                "source": "https://github.com/alanef/plugindonation_lib/tree/master",
                "issues": "https://github.com/alanef/plugindonation_lib/issues"
            },
            "time": "2023-10-05T14:13:15+00:00"
        },
        {
            "name": "alanef/wp_autoloader",
            "version": "dev-main",
            "source": {
                "type": "git",
                "url": "https://github.com/alanef/wp_autoloader.git",
                "reference": "4ba13363175aef597d3f02a563009130dcedb0fb"
            },
            "dist": {
                "type": "zip",
                "url": "https://api.github.com/repos/alanef/wp_autoloader/zipball/4ba13363175aef597d3f02a563009130dcedb0fb",
                "reference": "4ba13363175aef597d3f02a563009130dcedb0fb",
                "shasum": ""
            },
            "default-branch": true,
            "type": "library",
            "autoload": {
                "psr-4": {
                    "Fullworks_WP_Autoloader\\": "src/"
                }
            },
            "license": [
                "GPL-2.0-or-later"
            ],
            "authors": [
                {
                    "name": "alan",
                    "email": "alan@fullworks.net"
                }
            ],
            "description": "A custom autoloader to comply with WP class file names",
            "support": {
                "source": "https://github.com/alanef/wp_autoloader/tree/main",
                "issues": "https://github.com/alanef/wp_autoloader/issues"
            },
            "time": "2024-07-01T22:26:16+00:00"
        },
        {
            "name": "composer/installers",
            "version": "v1.0.12",
            "source": {
                "type": "git",
                "url": "https://github.com/composer/installers.git",
                "reference": "4127333b03e8b4c08d081958548aae5419d1a2fa"
            },
            "dist": {
                "type": "zip",
                "url": "https://api.github.com/repos/composer/installers/zipball/4127333b03e8b4c08d081958548aae5419d1a2fa",
                "reference": "4127333b03e8b4c08d081958548aae5419d1a2fa",
                "shasum": ""
            },
            "replace": {
                "shama/baton": "*"
            },
            "require-dev": {
                "composer/composer": "1.0.*@dev",
                "phpunit/phpunit": "3.7.*"
            },
            "type": "composer-installer",
            "extra": {
                "class": "Composer\\Installers\\Installer",
                "branch-alias": {
                    "dev-master": "1.0-dev"
                }
            },
            "autoload": {
                "psr-0": {
                    "Composer\\Installers\\": "src/"
                }
            },
            "notification-url": "https://packagist.org/downloads/",
            "license": [
                "MIT"
            ],
            "authors": [
                {
                    "name": "Kyle Robinson Young",
                    "email": "kyle@dontkry.com",
                    "homepage": "https://github.com/shama",
                    "role": "Developer"
                }
            ],
            "description": "A multi-framework Composer library installer",
            "homepage": "http://composer.github.com/installers/",
            "keywords": [
                "Craft",
                "Hurad",
                "MODX Evo",
                "OXID",
                "WolfCMS",
                "agl",
                "annotatecms",
                "cakephp",
                "codeigniter",
                "concrete5",
                "croogo",
                "drupal",
                "elgg",
                "fuelphp",
                "installer",
                "joomla",
                "kohana",
                "laravel",
                "lithium",
                "magento",
                "mako",
                "mediawiki",
                "modulework",
                "phpbb",
                "piwik",
                "ppi",
                "shopware",
                "silverstripe",
                "symfony",
                "typo3",
                "wordpress",
                "zend",
                "zikula"
            ],
            "support": {
                "issues": "https://github.com/composer/installers/issues",
                "source": "https://github.com/composer/installers/tree/master"
            },
            "time": "2014-02-24T04:21:34+00:00"
        }
    ],
    "packages-dev": [],
    "aliases": [],
    "minimum-stability": "stable",
    "stability-flags": {
        "alanef/plugindonation_lib": 20,
        "alanef/wp_autoloader": 20
    },
    "prefer-stable": false,
    "prefer-lowest": false,
    "platform": {
        "php": ">=5.6",
        "ext-json": "*"
    },
    "platform-dev": [],
    "plugin-api-version": "2.6.0"
}
